
Microsoft Visual Studio Solution File, Format Version 12.00
# Visual Studio 14
VisualStudioVersion = 14.0.23107.0
MinimumVisualStudioVersion = 10.0.40219.1
Project("{9092AA53-FB77-4645-B42D-1CCCA6BD08BD}") = "WebKingdoms", "pixartist.de2\WebKingdoms.njsproj", "{F1F500E8-F5CB-476A-86E4-8970E9A46C03}"
EndProject
Project("{FAE04EC0-301F-11D3-BF4B-00C04F79EFBC}") = "Client", "Client\Client.csproj", "{BD2E63D2-65E5-485A-8863-0C50191A57DC}"
EndProject
Global
	GlobalSection(SolutionConfigurationPlatforms) = preSolution
		Debug|Android = Debug|Android
		Debug|Any CPU = Debug|Any CPU
		Debug|iOS = Debug|iOS
		Debug|Windows Phone (Universal) = Debug|Windows Phone (Universal)
		Debug|Windows Phone 8 = Debug|Windows Phone 8
		Debug|Windows-AnyCPU = Debug|Windows-AnyCPU
		Debug|Windows-ARM = Debug|Windows-ARM
		Debug|Windows-x64 = Debug|Windows-x64
		Debug|Windows-x86 = Debug|Windows-x86
		Release|Android = Release|Android
		Release|Any CPU = Release|Any CPU
		Release|iOS = Release|iOS
		Release|Windows Phone (Universal) = Release|Windows Phone (Universal)
		Release|Windows Phone 8 = Release|Windows Phone 8
		Release|Windows-AnyCPU = Release|Windows-AnyCPU
		Release|Windows-ARM = Release|Windows-ARM
		Release|Windows-x64 = Release|Windows-x64
		Release|Windows-x86 = Release|Windows-x86
		Run in browser|Android = Run in browser|Android
		Run in browser|Any CPU = Run in browser|Any CPU
		Run in browser|iOS = Run in browser|iOS
		Run in browser|Windows Phone (Universal) = Run in browser|Windows Phone (Universal)
		Run in browser|Windows Phone 8 = Run in browser|Windows Phone 8
		Run in browser|Windows-AnyCPU = Run in browser|Windows-AnyCPU
		Run in browser|Windows-ARM = Run in browser|Windows-ARM
		Run in browser|Windows-x64 = Run in browser|Windows-x64
		Run in browser|Windows-x86 = Run in browser|Windows-x86
	EndGlobalSection
	GlobalSection(ProjectConfigurationPlatforms) = postSolution
		{F1F500E8-F5CB-476A-86E4-8970E9A46C03}.Debug|Android.ActiveCfg = Debug|Any CPU
		{F1F500E8-F5CB-476A-86E4-8970E9A46C03}.Debug|Android.Build.0 = Debug|Any CPU
		{F1F500E8-F5CB-476A-86E4-8970E9A46C03}.Debug|Any CPU.ActiveCfg = Debug|Any CPU
		{F1F500E8-F5CB-476A-86E4-8970E9A46C03}.Debug|Any CPU.Build.0 = Debug|Any CPU
		{F1F500E8-F5CB-476A-86E4-8970E9A46C03}.Debug|iOS.ActiveCfg = Debug|Any CPU
		{F1F500E8-F5CB-476A-86E4-8970E9A46C03}.Debug|iOS.Build.0 = Debug|Any CPU
		{F1F500E8-F5CB-476A-86E4-8970E9A46C03}.Debug|Windows Phone (Universal).ActiveCfg = Debug|Any CPU
		{F1F500E8-F5CB-476A-86E4-8970E9A46C03}.Debug|Windows Phone (Universal).Build.0 = Debug|Any CPU
		{F1F500E8-F5CB-476A-86E4-8970E9A46C03}.Debug|Windows Phone 8.ActiveCfg = Debug|Any CPU
		{F1F500E8-F5CB-476A-86E4-8970E9A46C03}.Debug|Windows Phone 8.Build.0 = Debug|Any CPU
		{F1F500E8-F5CB-476A-86E4-8970E9A46C03}.Debug|Windows-AnyCPU.ActiveCfg = Debug|Any CPU
		{F1F500E8-F5CB-476A-86E4-8970E9A46C03}.Debug|Windows-AnyCPU.Build.0 = Debug|Any CPU
		{F1F500E8-F5CB-476A-86E4-8970E9A46C03}.Debug|Windows-ARM.ActiveCfg = Debug|Any CPU
		{F1F500E8-F5CB-476A-86E4-8970E9A46C03}.Debug|Windows-ARM.Build.0 = Debug|Any CPU
		{F1F500E8-F5CB-476A-86E4-8970E9A46C03}.Debug|Windows-x64.ActiveCfg = Debug|Any CPU
		{F1F500E8-F5CB-476A-86E4-8970E9A46C03}.Debug|Windows-x64.Build.0 = Debug|Any CPU
		{F1F500E8-F5CB-476A-86E4-8970E9A46C03}.Debug|Windows-x86.ActiveCfg = Debug|Any CPU
		{F1F500E8-F5CB-476A-86E4-8970E9A46C03}.Debug|Windows-x86.Build.0 = Debug|Any CPU
		{F1F500E8-F5CB-476A-86E4-8970E9A46C03}.Release|Android.ActiveCfg = Release|Any CPU
		{F1F500E8-F5CB-476A-86E4-8970E9A46C03}.Release|Android.Build.0 = Release|Any CPU
		{F1F500E8-F5CB-476A-86E4-8970E9A46C03}.Release|Any CPU.ActiveCfg = Release|Any CPU
		{F1F500E8-F5CB-476A-86E4-8970E9A46C03}.Release|Any CPU.Build.0 = Release|Any CPU
		{F1F500E8-F5CB-476A-86E4-8970E9A46C03}.Release|iOS.ActiveCfg = Release|Any CPU
		{F1F500E8-F5CB-476A-86E4-8970E9A46C03}.Release|iOS.Build.0 = Release|Any CPU
		{F1F500E8-F5CB-476A-86E4-8970E9A46C03}.Release|Windows Phone (Universal).ActiveCfg = Release|Any CPU
		{F1F500E8-F5CB-476A-86E4-8970E9A46C03}.Release|Windows Phone (Universal).Build.0 = Release|Any CPU
		{F1F500E8-F5CB-476A-86E4-8970E9A46C03}.Release|Windows Phone 8.ActiveCfg = Release|Any CPU
		{F1F500E8-F5CB-476A-86E4-8970E9A46C03}.Release|Windows Phone 8.Build.0 = Release|Any CPU
		{F1F500E8-F5CB-476A-86E4-8970E9A46C03}.Release|Windows-AnyCPU.ActiveCfg = Release|Any CPU
		{F1F500E8-F5CB-476A-86E4-8970E9A46C03}.Release|Windows-AnyCPU.Build.0 = Release|Any CPU
		{F1F500E8-F5CB-476A-86E4-8970E9A46C03}.Release|Windows-ARM.ActiveCfg = Release|Any CPU
		{F1F500E8-F5CB-476A-86E4-8970E9A46C03}.Release|Windows-ARM.Build.0 = Release|Any CPU
		{F1F500E8-F5CB-476A-86E4-8970E9A46C03}.Release|Windows-x64.ActiveCfg = Release|Any CPU
		{F1F500E8-F5CB-476A-86E4-8970E9A46C03}.Release|Windows-x64.Build.0 = Release|Any CPU
		{F1F500E8-F5CB-476A-86E4-8970E9A46C03}.Release|Windows-x86.ActiveCfg = Release|Any CPU
		{F1F500E8-F5CB-476A-86E4-8970E9A46C03}.Release|Windows-x86.Build.0 = Release|Any CPU
		{F1F500E8-F5CB-476A-86E4-8970E9A46C03}.Run in browser|Android.ActiveCfg = Release|Any CPU
		{F1F500E8-F5CB-476A-86E4-8970E9A46C03}.Run in browser|Android.Build.0 = Release|Any CPU
		{F1F500E8-F5CB-476A-86E4-8970E9A46C03}.Run in browser|Any CPU.ActiveCfg = Release|Any CPU
		{F1F500E8-F5CB-476A-86E4-8970E9A46C03}.Run in browser|Any CPU.Build.0 = Release|Any CPU
		{F1F500E8-F5CB-476A-86E4-8970E9A46C03}.Run in browser|iOS.ActiveCfg = Release|Any CPU
		{F1F500E8-F5CB-476A-86E4-8970E9A46C03}.Run in browser|iOS.Build.0 = Release|Any CPU
		{F1F500E8-F5CB-476A-86E4-8970E9A46C03}.Run in browser|Windows Phone (Universal).ActiveCfg = Release|Any CPU
		{F1F500E8-F5CB-476A-86E4-8970E9A46C03}.Run in browser|Windows Phone (Universal).Build.0 = Release|Any CPU
		{F1F500E8-F5CB-476A-86E4-8970E9A46C03}.Run in browser|Windows Phone 8.ActiveCfg = Release|Any CPU
		{F1F500E8-F5CB-476A-86E4-8970E9A46C03}.Run in browser|Windows Phone 8.Build.0 = Release|Any CPU
		{F1F500E8-F5CB-476A-86E4-8970E9A46C03}.Run in browser|Windows-AnyCPU.ActiveCfg = Release|Any CPU
		{F1F500E8-F5CB-476A-86E4-8970E9A46C03}.Run in browser|Windows-AnyCPU.Build.0 = Release|Any CPU
		{F1F500E8-F5CB-476A-86E4-8970E9A46C03}.Run in browser|Windows-ARM.ActiveCfg = Release|Any CPU
		{F1F500E8-F5CB-476A-86E4-8970E9A46C03}.Run in browser|Windows-ARM.Build.0 = Release|Any CPU
		{F1F500E8-F5CB-476A-86E4-8970E9A46C03}.Run in browser|Windows-x64.ActiveCfg = Release|Any CPU
		{F1F500E8-F5CB-476A-86E4-8970E9A46C03}.Run in browser|Windows-x64.Build.0 = Release|Any CPU
		{F1F500E8-F5CB-476A-86E4-8970E9A46C03}.Run in browser|Windows-x86.ActiveCfg = Release|Any CPU
		{F1F500E8-F5CB-476A-86E4-8970E9A46C03}.Run in browser|Windows-x86.Build.0 = Release|Any CPU
		{BD2E63D2-65E5-485A-8863-0C50191A57DC}.Debug|Android.ActiveCfg = Debug|Any CPU
		{BD2E63D2-65E5-485A-8863-0C50191A57DC}.Debug|Android.Build.0 = Debug|Any CPU
		{BD2E63D2-65E5-485A-8863-0C50191A57DC}.Debug|Any CPU.ActiveCfg = Debug|Any CPU
		{BD2E63D2-65E5-485A-8863-0C50191A57DC}.Debug|Any CPU.Build.0 = Debug|Any CPU
		{BD2E63D2-65E5-485A-8863-0C50191A57DC}.Debug|iOS.ActiveCfg = Debug|Any CPU
		{BD2E63D2-65E5-485A-8863-0C50191A57DC}.Debug|iOS.Build.0 = Debug|Any CPU
		{BD2E63D2-65E5-485A-8863-0C50191A57DC}.Debug|Windows Phone (Universal).ActiveCfg = Debug|Any CPU
		{BD2E63D2-65E5-485A-8863-0C50191A57DC}.Debug|Windows Phone (Universal).Build.0 = Debug|Any CPU
		{BD2E63D2-65E5-485A-8863-0C50191A57DC}.Debug|Windows Phone 8.ActiveCfg = Debug|Any CPU
		{BD2E63D2-65E5-485A-8863-0C50191A57DC}.Debug|Windows Phone 8.Build.0 = Debug|Any CPU
		{BD2E63D2-65E5-485A-8863-0C50191A57DC}.Debug|Windows-AnyCPU.ActiveCfg = Debug|Any CPU
		{BD2E63D2-65E5-485A-8863-0C50191A57DC}.Debug|Windows-AnyCPU.Build.0 = Debug|Any CPU
		{BD2E63D2-65E5-485A-8863-0C50191A57DC}.Debug|Windows-ARM.ActiveCfg = Debug|Any CPU
		{BD2E63D2-65E5-485A-8863-0C50191A57DC}.Debug|Windows-ARM.Build.0 = Debug|Any CPU
		{BD2E63D2-65E5-485A-8863-0C50191A57DC}.Debug|Windows-x64.ActiveCfg = Debug|Any CPU
		{BD2E63D2-65E5-485A-8863-0C50191A57DC}.Debug|Windows-x64.Build.0 = Debug|Any CPU
		{BD2E63D2-65E5-485A-8863-0C50191A57DC}.Debug|Windows-x86.ActiveCfg = Debug|Any CPU
		{BD2E63D2-65E5-485A-8863-0C50191A57DC}.Debug|Windows-x86.Build.0 = Debug|Any CPU
		{BD2E63D2-65E5-485A-8863-0C50191A57DC}.Release|Android.ActiveCfg = Release|Any CPU
		{BD2E63D2-65E5-485A-8863-0C50191A57DC}.Release|Android.Build.0 = Release|Any CPU
		{BD2E63D2-65E5-485A-8863-0C50191A57DC}.Release|Any CPU.ActiveCfg = Release|Any CPU
		{BD2E63D2-65E5-485A-8863-0C50191A57DC}.Release|Any CPU.Build.0 = Release|Any CPU
		{BD2E63D2-65E5-485A-8863-0C50191A57DC}.Release|iOS.ActiveCfg = Release|Any CPU
		{BD2E63D2-65E5-485A-8863-0C50191A57DC}.Release|iOS.Build.0 = Release|Any CPU
		{BD2E63D2-65E5-485A-8863-0C50191A57DC}.Release|Windows Phone (Universal).ActiveCfg = Release|Any CPU
		{BD2E63D2-65E5-485A-8863-0C50191A57DC}.Release|Windows Phone (Universal).Build.0 = Release|Any CPU
		{BD2E63D2-65E5-485A-8863-0C50191A57DC}.Release|Windows Phone 8.ActiveCfg = Release|Any CPU
		{BD2E63D2-65E5-485A-8863-0C50191A57DC}.Release|Windows Phone 8.Build.0 = Release|Any CPU
		{BD2E63D2-65E5-485A-8863-0C50191A57DC}.Release|Windows-AnyCPU.ActiveCfg = Release|Any CPU
		{BD2E63D2-65E5-485A-8863-0C50191A57DC}.Release|Windows-AnyCPU.Build.0 = Release|Any CPU
		{BD2E63D2-65E5-485A-8863-0C50191A57DC}.Release|Windows-ARM.ActiveCfg = Release|Any CPU
		{BD2E63D2-65E5-485A-8863-0C50191A57DC}.Release|Windows-ARM.Build.0 = Release|Any CPU
		{BD2E63D2-65E5-485A-8863-0C50191A57DC}.Release|Windows-x64.ActiveCfg = Release|Any CPU
		{BD2E63D2-65E5-485A-8863-0C50191A57DC}.Release|Windows-x64.Build.0 = Release|Any CPU
		{BD2E63D2-65E5-485A-8863-0C50191A57DC}.Release|Windows-x86.ActiveCfg = Release|Any CPU
		{BD2E63D2-65E5-485A-8863-0C50191A57DC}.Release|Windows-x86.Build.0 = Release|Any CPU
		{BD2E63D2-65E5-485A-8863-0C50191A57DC}.Run in browser|Android.ActiveCfg = Release|Any CPU
		{BD2E63D2-65E5-485A-8863-0C50191A57DC}.Run in browser|Android.Build.0 = Release|Any CPU
		{BD2E63D2-65E5-485A-8863-0C50191A57DC}.Run in browser|Any CPU.ActiveCfg = Release|Any CPU
		{BD2E63D2-65E5-485A-8863-0C50191A57DC}.Run in browser|Any CPU.Build.0 = Release|Any CPU
		{BD2E63D2-65E5-485A-8863-0C50191A57DC}.Run in browser|iOS.ActiveCfg = Release|Any CPU
		{BD2E63D2-65E5-485A-8863-0C50191A57DC}.Run in browser|iOS.Build.0 = Release|Any CPU
		{BD2E63D2-65E5-485A-8863-0C50191A57DC}.Run in browser|Windows Phone (Universal).ActiveCfg = Release|Any CPU
		{BD2E63D2-65E5-485A-8863-0C50191A57DC}.Run in browser|Windows Phone (Universal).Build.0 = Release|Any CPU
		{BD2E63D2-65E5-485A-8863-0C50191A57DC}.Run in browser|Windows Phone 8.ActiveCfg = Release|Any CPU
		{BD2E63D2-65E5-485A-8863-0C50191A57DC}.Run in browser|Windows Phone 8.Build.0 = Release|Any CPU
		{BD2E63D2-65E5-485A-8863-0C50191A57DC}.Run in browser|Windows-AnyCPU.ActiveCfg = Release|Any CPU
		{BD2E63D2-65E5-485A-8863-0C50191A57DC}.Run in browser|Windows-AnyCPU.Build.0 = Release|Any CPU
		{BD2E63D2-65E5-485A-8863-0C50191A57DC}.Run in browser|Windows-ARM.ActiveCfg = Release|Any CPU
		{BD2E63D2-65E5-485A-8863-0C50191A57DC}.Run in browser|Windows-ARM.Build.0 = Release|Any CPU
		{BD2E63D2-65E5-485A-8863-0C50191A57DC}.Run in browser|Windows-x64.ActiveCfg = Release|Any CPU
		{BD2E63D2-65E5-485A-8863-0C50191A57DC}.Run in browser|Windows-x64.Build.0 = Release|Any CPU
		{BD2E63D2-65E5-485A-8863-0C50191A57DC}.Run in browser|Windows-x86.ActiveCfg = Release|Any CPU
		{BD2E63D2-65E5-485A-8863-0C50191A57DC}.Run in browser|Windows-x86.Build.0 = Release|Any CPU
	EndGlobalSection
	GlobalSection(SolutionProperties) = preSolution
		HideSolutionNode = FALSE
	EndGlobalSection
EndGlobal
